
Microsoft Visual Studio Solution File, Format Version 12.00
# Visual Studio Version 17
VisualStudioVersion = 17.13.35931.197
MinimumVisualStudioVersion = 10.0.40219.1
Project("{FAE04EC0-301F-11D3-BF4B-00C04F79EFBC}") = "Catalog.API", "Services\Catalog\Catalog.API\Catalog.API.csproj", "{96E1ED04-15F0-419F-B5D3-B2D190347542}"
EndProject
Project("{2150E333-8FDC-42A3-9474-1A3956D46DE8}") = "Services", "Services", "{02EA681E-C7D8-13C7-8484-4AC65E1B71E8}"
EndProject
Project("{2150E333-8FDC-42A3-9474-1A3956D46DE8}") = "Catalog", "Catalog", "{A70C34F6-CE78-4650-9240-E54B7FB0E4D9}"
EndProject
Project("{2150E333-8FDC-42A3-9474-1A3956D46DE8}") = "BuildingBlocks", "BuildingBlocks", "{D6901767-AFC3-4363-9BDB-29C820F36CD6}"
EndProject
Project("{FAE04EC0-301F-11D3-BF4B-00C04F79EFBC}") = "BuildingBlocks", "BuildingBlocks\BuildingBlocks\BuildingBlocks.csproj", "{5710415A-231D-44DD-8912-07FD1CE209B6}"
EndProject
Project("{E53339B2-1760-4266-BCC7-CA923CBCF16C}") = "docker-compose", "docker-compose.dcproj", "{81DDED9D-158B-E303-5F62-77A2896D2A5A}"
EndProject
Global
	GlobalSection(SolutionConfigurationPlatforms) = preSolution
		Debug|Any CPU = Debug|Any CPU
		Release|Any CPU = Release|Any CPU
	EndGlobalSection
	GlobalSection(ProjectConfigurationPlatforms) = postSolution
		{96E1ED04-15F0-419F-B5D3-B2D190347542}.Debug|Any CPU.ActiveCfg = Debug|Any CPU
		{96E1ED04-15F0-419F-B5D3-B2D190347542}.Debug|Any CPU.Build.0 = Debug|Any CPU
		{96E1ED04-15F0-419F-B5D3-B2D190347542}.Release|Any CPU.ActiveCfg = Release|Any CPU
		{96E1ED04-15F0-419F-B5D3-B2D190347542}.Release|Any CPU.Build.0 = Release|Any CPU
		{5710415A-231D-44DD-8912-07FD1CE209B6}.Debug|Any CPU.ActiveCfg = Debug|Any CPU
		{5710415A-231D-44DD-8912-07FD1CE209B6}.Debug|Any CPU.Build.0 = Debug|Any CPU
		{5710415A-231D-44DD-8912-07FD1CE209B6}.Release|Any CPU.ActiveCfg = Release|Any CPU
		{5710415A-231D-44DD-8912-07FD1CE209B6}.Release|Any CPU.Build.0 = Release|Any CPU
		{81DDED9D-158B-E303-5F62-77A2896D2A5A}.Debug|Any CPU.ActiveCfg = Debug|Any CPU
		{81DDED9D-158B-E303-5F62-77A2896D2A5A}.Debug|Any CPU.Build.0 = Debug|Any CPU
		{81DDED9D-158B-E303-5F62-77A2896D2A5A}.Release|Any CPU.ActiveCfg = Release|Any CPU
		{81DDED9D-158B-E303-5F62-77A2896D2A5A}.Release|Any CPU.Build.0 = Release|Any CPU
	EndGlobalSection
	GlobalSection(SolutionProperties) = preSolution
		HideSolutionNode = FALSE
	EndGlobalSection
	GlobalSection(NestedProjects) = preSolution
		{96E1ED04-15F0-419F-B5D3-B2D190347542} = {A70C34F6-CE78-4650-9240-E54B7FB0E4D9}
		{A70C34F6-CE78-4650-9240-E54B7FB0E4D9} = {02EA681E-C7D8-13C7-8484-4AC65E1B71E8}
		{5710415A-231D-44DD-8912-07FD1CE209B6} = {D6901767-AFC3-4363-9BDB-29C820F36CD6}
	EndGlobalSection
	GlobalSection(ExtensibilityGlobals) = postSolution
		SolutionGuid = {A82AF1A6-4C49-404B-9389-131EDA150300}
	EndGlobalSection
EndGlobal
